
Microsoft Visual Studio Solution File, Format Version 12.00
# Visual Studio 14
VisualStudioVersion = 14.0.23107.0
MinimumVisualStudioVersion = 10.0.40219.1
Project("{FAE04EC0-301F-11D3-BF4B-00C04F79EFBC}") = "SpeedyChef", "SpeedyChef\SpeedyChef.csproj", "{F5444D84-9B73-40BB-9F96-337F7C3A9342}"
EndProject
Project("{FAE04EC0-301F-11D3-BF4B-00C04F79EFBC}") = "SpeedyChef.Tests", "SpeedyChef.Tests\SpeedyChef.Tests.csproj", "{1EA50709-AF53-48DF-A93A-2D2F304C6BDF}"
EndProject
Global
	GlobalSection(SolutionConfigurationPlatforms) = preSolution
		Debug|Any CPU = Debug|Any CPU
		Release|Any CPU = Release|Any CPU
	EndGlobalSection
	GlobalSection(ProjectConfigurationPlatforms) = postSolution
		{F5444D84-9B73-40BB-9F96-337F7C3A9342}.Debug|Any CPU.ActiveCfg = Debug|Any CPU
		{F5444D84-9B73-40BB-9F96-337F7C3A9342}.Debug|Any CPU.Build.0 = Debug|Any CPU
		{F5444D84-9B73-40BB-9F96-337F7C3A9342}.Release|Any CPU.ActiveCfg = Release|Any CPU
		{F5444D84-9B73-40BB-9F96-337F7C3A9342}.Release|Any CPU.Build.0 = Release|Any CPU
		{1EA50709-AF53-48DF-A93A-2D2F304C6BDF}.Debug|Any CPU.ActiveCfg = Debug|Any CPU
		{1EA50709-AF53-48DF-A93A-2D2F304C6BDF}.Debug|Any CPU.Build.0 = Debug|Any CPU
		{1EA50709-AF53-48DF-A93A-2D2F304C6BDF}.Release|Any CPU.ActiveCfg = Release|Any CPU
		{1EA50709-AF53-48DF-A93A-2D2F304C6BDF}.Release|Any CPU.Build.0 = Release|Any CPU
	EndGlobalSection
	GlobalSection(SolutionProperties) = preSolution
		HideSolutionNode = FALSE
	EndGlobalSection
EndGlobal
